
Microsoft Visual Studio Solution File, Format Version 12.00
# Visual Studio Version 16
VisualStudioVersion = 16.0.32510.428
MinimumVisualStudioVersion = 10.0.40219.1
Project("{FAE04EC0-301F-11D3-BF4B-00C04F79EFBC}") = "EShoppingWebsite", "project_01\EShoppingWebsite.csproj", "{21910ABC-7884-497E-805D-F172EF57DDBA}"
EndProject
Global
	GlobalSection(SolutionConfigurationPlatforms) = preSolution
		Debug|Any CPU = Debug|Any CPU
		Release|Any CPU = Release|Any CPU
	EndGlobalSection
	GlobalSection(ProjectConfigurationPlatforms) = postSolution
		{21910ABC-7884-497E-805D-F172EF57DDBA}.Debug|Any CPU.ActiveCfg = Debug|Any CPU
		{21910ABC-7884-497E-805D-F172EF57DDBA}.Debug|Any CPU.Build.0 = Debug|Any CPU
		{21910ABC-7884-497E-805D-F172EF57DDBA}.Release|Any CPU.ActiveCfg = Release|Any CPU
		{21910ABC-7884-497E-805D-F172EF57DDBA}.Release|Any CPU.Build.0 = Release|Any CPU
	EndGlobalSection
	GlobalSection(SolutionProperties) = preSolution
		HideSolutionNode = FALSE
	EndGlobalSection
	GlobalSection(ExtensibilityGlobals) = postSolution
		SolutionGuid = {22014316-47C9-4515-8891-A667ED2DC00E}
	EndGlobalSection
EndGlobal
